
Microsoft Visual Studio Solution File, Format Version 12.00
# Visual Studio Version 17
VisualStudioVersion = 17.1.32421.90
MinimumVisualStudioVersion = 10.0.40219.1
Project("{FAE04EC0-301F-11D3-BF4B-00C04F79EFBC}") = "HFiles", "HFiles\HFiles.csproj", "{0DF1BD5D-F283-4B84-A920-72145180F085}"
EndProject
Global
	GlobalSection(SolutionConfigurationPlatforms) = preSolution
		Debug|Any CPU = Debug|Any CPU
		Release|Any CPU = Release|Any CPU
	EndGlobalSection
	GlobalSection(ProjectConfigurationPlatforms) = postSolution
		{0DF1BD5D-F283-4B84-A920-72145180F085}.Debug|Any CPU.ActiveCfg = Debug|Any CPU
		{0DF1BD5D-F283-4B84-A920-72145180F085}.Debug|Any CPU.Build.0 = Debug|Any CPU
		{0DF1BD5D-F283-4B84-A920-72145180F085}.Release|Any CPU.ActiveCfg = Release|Any CPU
		{0DF1BD5D-F283-4B84-A920-72145180F085}.Release|Any CPU.Build.0 = Release|Any CPU
	EndGlobalSection
	GlobalSection(SolutionProperties) = preSolution
		HideSolutionNode = FALSE
	EndGlobalSection
	GlobalSection(ExtensibilityGlobals) = postSolution
		SolutionGuid = {796B31AF-537F-4DEE-850A-C7F12F21BFC7}
	EndGlobalSection
EndGlobal
